
Microsoft Visual Studio Solution File, Format Version 10.00
# Visual Studio 2008
Project("{FAE04EC0-301F-11D3-BF4B-00C04F79EFBC}") = "GPH_QuickMessageServiceHost", "GPH_QuickMessageServiceHost\GPH_QuickMessageServiceHost.csproj", "{09866DD6-2D3B-4B95-80B9-CB6A8DF5FA73}"
EndProject
Global
	GlobalSection(SolutionConfigurationPlatforms) = preSolution
		Debug|Any CPU = Debug|Any CPU
		Release|Any CPU = Release|Any CPU
	EndGlobalSection
	GlobalSection(ProjectConfigurationPlatforms) = postSolution
		{09866DD6-2D3B-4B95-80B9-CB6A8DF5FA73}.Debug|Any CPU.ActiveCfg = Debug|Any CPU
		{09866DD6-2D3B-4B95-80B9-CB6A8DF5FA73}.Debug|Any CPU.Build.0 = Debug|Any CPU
		{09866DD6-2D3B-4B95-80B9-CB6A8DF5FA73}.Release|Any CPU.ActiveCfg = Release|Any CPU
		{09866DD6-2D3B-4B95-80B9-CB6A8DF5FA73}.Release|Any CPU.Build.0 = Release|Any CPU
	EndGlobalSection
	GlobalSection(SolutionProperties) = preSolution
		HideSolutionNode = FALSE
	EndGlobalSection
EndGlobal
